
Microsoft Visual Studio Solution File, Format Version 12.00
# Visual Studio Version 16
VisualStudioVersion = 16.0.30804.86
MinimumVisualStudioVersion = 10.0.40219.1
Project("{FAE04EC0-301F-11D3-BF4B-00C04F79EFBC}") = "RecipeManagerCoreMVC", "RecipeManagerCoreMVC\RecipeManagerCoreMVC.csproj", "{8E62E864-8788-45D9-928C-38BB3EBA3837}"
EndProject
Global
	GlobalSection(SolutionConfigurationPlatforms) = preSolution
		Debug|Any CPU = Debug|Any CPU
		Release|Any CPU = Release|Any CPU
	EndGlobalSection
	GlobalSection(ProjectConfigurationPlatforms) = postSolution
		{8E62E864-8788-45D9-928C-38BB3EBA3837}.Debug|Any CPU.ActiveCfg = Debug|Any CPU
		{8E62E864-8788-45D9-928C-38BB3EBA3837}.Debug|Any CPU.Build.0 = Debug|Any CPU
		{8E62E864-8788-45D9-928C-38BB3EBA3837}.Release|Any CPU.ActiveCfg = Release|Any CPU
		{8E62E864-8788-45D9-928C-38BB3EBA3837}.Release|Any CPU.Build.0 = Release|Any CPU
	EndGlobalSection
	GlobalSection(SolutionProperties) = preSolution
		HideSolutionNode = FALSE
	EndGlobalSection
	GlobalSection(ExtensibilityGlobals) = postSolution
		SolutionGuid = {78A21D40-A597-4CA6-A819-61DA960E80A5}
	EndGlobalSection
EndGlobal
